
Microsoft Visual Studio Solution File, Format Version 12.00
# Visual Studio Version 17
VisualStudioVersion = 17.0.31903.59
MinimumVisualStudioVersion = 10.0.40219.1
Project("{FAE04EC0-301F-11D3-BF4B-00C04F79EFBC}") = "Login System", "Login System\Login System.csproj", "{EDE9FA0B-41A5-4DEB-B8A0-06B803681C53}"
EndProject
Global
	GlobalSection(SolutionConfigurationPlatforms) = preSolution
		Debug|Any CPU = Debug|Any CPU
		Release|Any CPU = Release|Any CPU
	EndGlobalSection
	GlobalSection(ProjectConfigurationPlatforms) = postSolution
		{EDE9FA0B-41A5-4DEB-B8A0-06B803681C53}.Debug|Any CPU.ActiveCfg = Debug|Any CPU
		{EDE9FA0B-41A5-4DEB-B8A0-06B803681C53}.Debug|Any CPU.Build.0 = Debug|Any CPU
		{EDE9FA0B-41A5-4DEB-B8A0-06B803681C53}.Release|Any CPU.ActiveCfg = Release|Any CPU
		{EDE9FA0B-41A5-4DEB-B8A0-06B803681C53}.Release|Any CPU.Build.0 = Release|Any CPU
	EndGlobalSection
	GlobalSection(SolutionProperties) = preSolution
		HideSolutionNode = FALSE
	EndGlobalSection
	GlobalSection(ExtensibilityGlobals) = postSolution
		SolutionGuid = {A934ACB1-BBED-41DD-BD48-E554D9EF65BA}
	EndGlobalSection
EndGlobal
